
Microsoft Visual Studio Solution File, Format Version 12.00
# Visual Studio Version 17
VisualStudioVersion = 17.13.35919.96
MinimumVisualStudioVersion = 10.0.40219.1
Project("{FAE04EC0-301F-11D3-BF4B-00C04F79EFBC}") = "Ejercicio01-PromedioNotasLista", "Ejercicio01-PromedioNotasLista\Ejercicio01-PromedioNotasLista.csproj", "{0E0966C9-7AFF-4798-A2DF-571F1C2B12ED}"
EndProject
Project("{FAE04EC0-301F-11D3-BF4B-00C04F79EFBC}") = "Ejercicio02-MayoresDeEdad", "Ejercicio02-MayoresDeEdad\Ejercicio02-MayoresDeEdad.csproj", "{F0A05209-B029-46F0-A81D-C5EEF3E19098}"
EndProject
Project("{FAE04EC0-301F-11D3-BF4B-00C04F79EFBC}") = "Ejercicio03-NombreMasLargoCorto", "Ejercicio03-NombreMasLargoCorto\Ejercicio03-NombreMasLargoCorto.csproj", "{6154779D-C554-41E5-846E-3131D27E7DCF}"
EndProject
Project("{FAE04EC0-301F-11D3-BF4B-00C04F79EFBC}") = "Ejercicio04-ListaSupermercado", "Ejercicio04-ListaSupermercado\Ejercicio04-ListaSupermercado.csproj", "{9E562702-DC5C-4B9A-85E8-48542A6FD978}"
EndProject
Project("{FAE04EC0-301F-11D3-BF4B-00C04F79EFBC}") = "Ejercicio05-MatrizParImpar", "Ejercicio05-MatrizParImpar\Ejercicio05-MatrizParImpar.csproj", "{339BA88B-086A-4AEF-A488-C5E01F33451A}"
EndProject
Project("{FAE04EC0-301F-11D3-BF4B-00C04F79EFBC}") = "Ejercicio06-TemperaturasCabina", "Ejercicio06-TemperaturasCabina\Ejercicio06-TemperaturasCabina.csproj", "{64C3F7F8-306D-426C-9C02-493AC5AA3308}"
EndProject
Project("{FAE04EC0-301F-11D3-BF4B-00C04F79EFBC}") = "Ejercicio07-TablasMultiplicarM", "Ejercicio07-TablasMultiplicarM\Ejercicio07-TablasMultiplicarM.csproj", "{C2DE7446-71B2-49FD-B633-065532937B66}"
EndProject
Project("{FAE04EC0-301F-11D3-BF4B-00C04F79EFBC}") = "Ejercicio08-BuscarXEnMatriz", "Ejercicio08-BuscarXEnMatriz\Ejercicio08-BuscarXEnMatriz.csproj", "{FE8CA601-B83D-4869-AC78-D611D21C0028}"
EndProject
Project("{FAE04EC0-301F-11D3-BF4B-00C04F79EFBC}") = "Ejercicio09-DiccionarioCalif", "Ejercicio09-DiccionarioCalif\Ejercicio09-DiccionarioCalif.csproj", "{352355EC-E811-42B8-98B9-DCDFC7B65EF3}"
EndProject
Project("{FAE04EC0-301F-11D3-BF4B-00C04F79EFBC}") = "Ejercicio10-ColaVentanilla", "Ejercicio10-ColaVentanilla\Ejercicio10-ColaVentanilla.csproj", "{D5A6DB22-3917-4F00-9A16-472BE51289E9}"
EndProject
Project("{FAE04EC0-301F-11D3-BF4B-00C04F79EFBC}") = "Ejercicio11-InventarioColecc", "Ejercicio11-InventarioColecc\Ejercicio11-InventarioColecc.csproj", "{AA24D0AC-4B97-4C33-B37E-357EE6CAAAD7}"
EndProject
Global
	GlobalSection(SolutionConfigurationPlatforms) = preSolution
		Debug|Any CPU = Debug|Any CPU
		Release|Any CPU = Release|Any CPU
	EndGlobalSection
	GlobalSection(ProjectConfigurationPlatforms) = postSolution
		{0E0966C9-7AFF-4798-A2DF-571F1C2B12ED}.Debug|Any CPU.ActiveCfg = Debug|Any CPU
		{0E0966C9-7AFF-4798-A2DF-571F1C2B12ED}.Debug|Any CPU.Build.0 = Debug|Any CPU
		{0E0966C9-7AFF-4798-A2DF-571F1C2B12ED}.Release|Any CPU.ActiveCfg = Release|Any CPU
		{0E0966C9-7AFF-4798-A2DF-571F1C2B12ED}.Release|Any CPU.Build.0 = Release|Any CPU
		{F0A05209-B029-46F0-A81D-C5EEF3E19098}.Debug|Any CPU.ActiveCfg = Debug|Any CPU
		{F0A05209-B029-46F0-A81D-C5EEF3E19098}.Debug|Any CPU.Build.0 = Debug|Any CPU
		{F0A05209-B029-46F0-A81D-C5EEF3E19098}.Release|Any CPU.ActiveCfg = Release|Any CPU
		{F0A05209-B029-46F0-A81D-C5EEF3E19098}.Release|Any CPU.Build.0 = Release|Any CPU
		{6154779D-C554-41E5-846E-3131D27E7DCF}.Debug|Any CPU.ActiveCfg = Debug|Any CPU
		{6154779D-C554-41E5-846E-3131D27E7DCF}.Debug|Any CPU.Build.0 = Debug|Any CPU
		{6154779D-C554-41E5-846E-3131D27E7DCF}.Release|Any CPU.ActiveCfg = Release|Any CPU
		{6154779D-C554-41E5-846E-3131D27E7DCF}.Release|Any CPU.Build.0 = Release|Any CPU
		{9E562702-DC5C-4B9A-85E8-48542A6FD978}.Debug|Any CPU.ActiveCfg = Debug|Any CPU
		{9E562702-DC5C-4B9A-85E8-48542A6FD978}.Debug|Any CPU.Build.0 = Debug|Any CPU
		{9E562702-DC5C-4B9A-85E8-48542A6FD978}.Release|Any CPU.ActiveCfg = Release|Any CPU
		{9E562702-DC5C-4B9A-85E8-48542A6FD978}.Release|Any CPU.Build.0 = Release|Any CPU
		{339BA88B-086A-4AEF-A488-C5E01F33451A}.Debug|Any CPU.ActiveCfg = Debug|Any CPU
		{339BA88B-086A-4AEF-A488-C5E01F33451A}.Debug|Any CPU.Build.0 = Debug|Any CPU
		{339BA88B-086A-4AEF-A488-C5E01F33451A}.Release|Any CPU.ActiveCfg = Release|Any CPU
		{339BA88B-086A-4AEF-A488-C5E01F33451A}.Release|Any CPU.Build.0 = Release|Any CPU
		{64C3F7F8-306D-426C-9C02-493AC5AA3308}.Debug|Any CPU.ActiveCfg = Debug|Any CPU
		{64C3F7F8-306D-426C-9C02-493AC5AA3308}.Debug|Any CPU.Build.0 = Debug|Any CPU
		{64C3F7F8-306D-426C-9C02-493AC5AA3308}.Release|Any CPU.ActiveCfg = Release|Any CPU
		{64C3F7F8-306D-426C-9C02-493AC5AA3308}.Release|Any CPU.Build.0 = Release|Any CPU
		{C2DE7446-71B2-49FD-B633-065532937B66}.Debug|Any CPU.ActiveCfg = Debug|Any CPU
		{C2DE7446-71B2-49FD-B633-065532937B66}.Debug|Any CPU.Build.0 = Debug|Any CPU
		{C2DE7446-71B2-49FD-B633-065532937B66}.Release|Any CPU.ActiveCfg = Release|Any CPU
		{C2DE7446-71B2-49FD-B633-065532937B66}.Release|Any CPU.Build.0 = Release|Any CPU
		{FE8CA601-B83D-4869-AC78-D611D21C0028}.Debug|Any CPU.ActiveCfg = Debug|Any CPU
		{FE8CA601-B83D-4869-AC78-D611D21C0028}.Debug|Any CPU.Build.0 = Debug|Any CPU
		{FE8CA601-B83D-4869-AC78-D611D21C0028}.Release|Any CPU.ActiveCfg = Release|Any CPU
		{FE8CA601-B83D-4869-AC78-D611D21C0028}.Release|Any CPU.Build.0 = Release|Any CPU
		{352355EC-E811-42B8-98B9-DCDFC7B65EF3}.Debug|Any CPU.ActiveCfg = Debug|Any CPU
		{352355EC-E811-42B8-98B9-DCDFC7B65EF3}.Debug|Any CPU.Build.0 = Debug|Any CPU
		{352355EC-E811-42B8-98B9-DCDFC7B65EF3}.Release|Any CPU.ActiveCfg = Release|Any CPU
		{352355EC-E811-42B8-98B9-DCDFC7B65EF3}.Release|Any CPU.Build.0 = Release|Any CPU
		{D5A6DB22-3917-4F00-9A16-472BE51289E9}.Debug|Any CPU.ActiveCfg = Debug|Any CPU
		{D5A6DB22-3917-4F00-9A16-472BE51289E9}.Debug|Any CPU.Build.0 = Debug|Any CPU
		{D5A6DB22-3917-4F00-9A16-472BE51289E9}.Release|Any CPU.ActiveCfg = Release|Any CPU
		{D5A6DB22-3917-4F00-9A16-472BE51289E9}.Release|Any CPU.Build.0 = Release|Any CPU
		{AA24D0AC-4B97-4C33-B37E-357EE6CAAAD7}.Debug|Any CPU.ActiveCfg = Debug|Any CPU
		{AA24D0AC-4B97-4C33-B37E-357EE6CAAAD7}.Debug|Any CPU.Build.0 = Debug|Any CPU
		{AA24D0AC-4B97-4C33-B37E-357EE6CAAAD7}.Release|Any CPU.ActiveCfg = Release|Any CPU
		{AA24D0AC-4B97-4C33-B37E-357EE6CAAAD7}.Release|Any CPU.Build.0 = Release|Any CPU
	EndGlobalSection
	GlobalSection(SolutionProperties) = preSolution
		HideSolutionNode = FALSE
	EndGlobalSection
	GlobalSection(ExtensibilityGlobals) = postSolution
		SolutionGuid = {D4E789F5-D054-4670-98ED-5AE22FC2A17C}
	EndGlobalSection
EndGlobal
